# THIS IS AN AUTOGENERATED FILE. DO NOT EDIT THIS FILE DIRECTLY.
# yarn lockfile v1


"@babel/parser@^7.18.4":
  version "7.21.2"
  resolved "https://registry.npmmirror.com/@babel/parser/-/parser-7.21.2.tgz#dacafadfc6d7654c3051a66d6fe55b6cb2f2a0b3"
  integrity sha512-URpaIJQwEkEC2T9Kn+Ai6Xe/02iNaVCuT/PtoRz3GPVJVDpPd7mLo+VddTbhCRU9TXqW5mSrQfXZyi8kDKOVpQ==

"@vue/compiler-sfc@2.7.14":
  version "2.7.14"
  resolved "https://registry.npmmirror.com/@vue/compiler-sfc/-/compiler-sfc-2.7.14.tgz#3446fd2fbb670d709277fc3ffa88efc5e10284fd"
  integrity sha512-aNmNHyLPsw+sVvlQFQ2/8sjNuLtK54TC6cuKnVzAY93ks4ZBrvwQSnkkIh7bsbNhum5hJBS00wSDipQ937f5DA==
  dependencies:
    "@babel/parser" "^7.18.4"
    postcss "^8.4.14"
    source-map "^0.6.1"

"@vue/composition-api@^1.0.0-rc.7":
  version "1.7.1"
  resolved "https://registry.npmmirror.com/@vue/composition-api/-/composition-api-1.7.1.tgz#aa6831be5a12817d93e89e247460c310dd7a3a32"
  integrity sha512-xDWoEtxGXhH9Ku3ROYX/rzhcpt4v31hpPU5zF3UeVC/qxA3dChmqU8zvTUYoKh3j7rzpNsoFOwqsWG7XPMlaFA==

async-validator@~1.8.1:
  version "1.8.5"
  resolved "https://registry.npmmirror.com/async-validator/-/async-validator-1.8.5.tgz#dc3e08ec1fd0dddb67e60842f02c0cd1cec6d7f0"
  integrity sha512-tXBM+1m056MAX0E8TL2iCjg8WvSyXu0Zc8LNtYqrVeyoL3+esHRZ4SieE9fKQyyU09uONjnMEjrNBMqT0mbvmA==
  dependencies:
    babel-runtime "6.x"

axios@0.21.1:
  version "0.21.1"
  resolved "https://registry.npmmirror.com/axios/-/axios-0.21.1.tgz#22563481962f4d6bde9a76d516ef0e5d3c09b2b8"
  integrity sha512-dKQiRHxGD9PPRIUNIWvZhPTPpl1rf/OxTYKsqKUDjBwYylTvV7SjSHJb9ratfyzM6wCdLCOYLzs73qpg5c4iGA==
  dependencies:
    follow-redirects "^1.10.0"

babel-helper-vue-jsx-merge-props@^2.0.0:
  version "2.0.3"
  resolved "https://registry.npmmirror.com/babel-helper-vue-jsx-merge-props/-/babel-helper-vue-jsx-merge-props-2.0.3.tgz#22aebd3b33902328e513293a8e4992b384f9f1b6"
  integrity sha512-gsLiKK7Qrb7zYJNgiXKpXblxbV5ffSwR0f5whkPAaBAR4fhi6bwRZxX9wBlIc5M/v8CCkXUbXZL4N/nSE97cqg==

babel-runtime@6.x:
  version "6.26.0"
  resolved "https://registry.npmmirror.com/babel-runtime/-/babel-runtime-6.26.0.tgz#965c7058668e82b55d7bfe04ff2337bc8b5647fe"
  integrity sha512-ITKNuq2wKlW1fJg9sSW52eepoYgZBggvOAHC0u/CYu/qxQ9EVzThCgR69BnSXLHjy2f7SY5zaQ4yt7H9ZVxY2g==
  dependencies:
    core-js "^2.4.0"
    regenerator-runtime "^0.11.0"

clipboard@^2.0.0:
  version "2.0.11"
  resolved "https://registry.npmmirror.com/clipboard/-/clipboard-2.0.11.tgz#62180360b97dd668b6b3a84ec226975762a70be5"
  integrity sha512-C+0bbOqkezLIsmWSvlsXS0Q0bmkugu7jcfMIACB+RDEntIzQIkdr148we28AfSloQLRdZlYL/QYyrq05j/3Faw==
  dependencies:
    good-listener "^1.2.2"
    select "^1.1.2"
    tiny-emitter "^2.0.0"

core-js@^2.4.0:
  version "2.6.12"
  resolved "https://registry.npmmirror.com/core-js/-/core-js-2.6.12.tgz#d9333dfa7b065e347cc5682219d6f690859cc2ec"
  integrity sha512-Kb2wC0fvsWfQrgk8HU5lW6U/Lcs8+9aaYcy4ZFc6DDlo4nZ7n70dEgE5rtR0oG6ufKDUnrwfWL1mXR5ljDatrQ==

countup.js@^1.8.5:
  version "1.9.3"
  resolved "https://registry.npmmirror.com/countup.js/-/countup.js-1.9.3.tgz#ce3e50cd7160441e478f07da31895edcc0f1c9dd"
  integrity sha512-UHf2P/mFKaESqdPq+UdBJm/1y8lYdlcDd0nTZHNC8cxWoJwZr1Eldm1PpWui446vDl5Pd8PtRYkr3q6K4+Qa5A==

csstype@^3.1.0:
  version "3.1.1"
  resolved "https://registry.npmmirror.com/csstype/-/csstype-3.1.1.tgz#841b532c45c758ee546a11d5bd7b7b473c8c30b9"
  integrity sha512-DJR/VvkAvSZW9bTouZue2sSxDwdTN92uHjqeKVm+0dAqdfNykRzQ95tay8aXMBAAPpUiq4Qcug2L7neoRh2Egw==

deepmerge@^1.2.0:
  version "1.5.2"
  resolved "https://registry.npmmirror.com/deepmerge/-/deepmerge-1.5.2.tgz#10499d868844cdad4fee0842df8c7f6f0c95a753"
  integrity sha512-95k0GDqvBjZavkuvzx/YqVLv/6YYa17fz6ILMSf7neqQITCPbnfEnQvEgMPNjH4kgobe7+WIL0yJEHku+H3qtQ==

delegate@^3.1.2:
  version "3.2.0"
  resolved "https://registry.npmmirror.com/delegate/-/delegate-3.2.0.tgz#b66b71c3158522e8ab5744f720d8ca0c2af59166"
  integrity sha512-IofjkYBZaZivn0V8nnsMJGBr4jVLxHDheKSW88PyxS5QC4Vo9ZbZVvhzlSxY87fVq3STR6r+4cGepyHkcWOQSw==

echarts-map@3.0.1:
  version "3.0.1"
  resolved "https://registry.npmmirror.com/echarts-map/-/echarts-map-3.0.1.tgz#1c1285627a92de4250b5895d2b863503eaea265b"
  integrity sha512-ZsfP4U75v9p2sdSCP4Fqhh8O43EglFwjeV/FbaIfeDn6G1MEvbp3CF0XRNAVhwoTfBK0zILuGcpcwcWq6z8CYw==
  dependencies:
    echarts "~3.0.1"

echarts@4.4.0:
  version "4.4.0"
  resolved "https://registry.npmmirror.com/echarts/-/echarts-4.4.0.tgz#d5260566cef0b98f5a00baf1b5010e92c1c23661"
  integrity sha512-zJD1YaONA2Ib6rKCpkU9rT/K+OFJ/F0/3Mj5FamGLXytBV5g36gsQGv8sYL7fVs/BFj/sn3wemyctlgIHMCA5w==
  dependencies:
    zrender "4.1.1"

echarts@~3.0.1:
  version "3.0.1"
  resolved "https://registry.npmmirror.com/echarts/-/echarts-3.0.1.tgz#4fb7b6b586a9a8ad9927ccc1935c121a273f585b"
  integrity sha512-8Hvaa+hOUAYaFAgQjRISWN/2LKZ4g66nE33dHNjG8wT3S/SU7m2ENJ2+96mEkLQN5m9VvQKhmjCMqiky3J/png==
  dependencies:
    zrenderjs "~3.0.2"

element-ui@2.15.1:
  version "2.15.1"
  resolved "https://registry.npmmirror.com/element-ui/-/element-ui-2.15.1.tgz#ada00aa6e32c02774a2e77563dd84668f813cdff"
  integrity sha512-TqlScAKGH97XndSScUDeEHIzL1x7yg7DvQdKPEOUdiDcyIz3y3FJJBlpHYaJT96FOn1xpIcUZb+I2FJeU9EcrQ==
  dependencies:
    async-validator "~1.8.1"
    babel-helper-vue-jsx-merge-props "^2.0.0"
    deepmerge "^1.2.0"
    normalize-wheel "^1.0.1"
    resize-observer-polyfill "^1.5.0"
    throttle-debounce "^1.0.1"

follow-redirects@^1.10.0:
  version "1.15.2"
  resolved "https://registry.npmmirror.com/follow-redirects/-/follow-redirects-1.15.2.tgz#b460864144ba63f2681096f274c4e57026da2c13"
  integrity sha512-VQLG33o04KaQ8uYi2tVNbdrWp1QWxNNea+nmIB4EVM28v0hmP17z7aG1+wAkNzVq4KeXTq3221ye5qTJP91JwA==

good-listener@^1.2.2:
  version "1.2.2"
  resolved "https://registry.npmmirror.com/good-listener/-/good-listener-1.2.2.tgz#d53b30cdf9313dffb7dc9a0d477096aa6d145c50"
  integrity sha512-goW1b+d9q/HIwbVYZzZ6SsTr4IgE+WA44A0GmPIQstuOrgsFcT7VEJ48nmr9GaRtNu0XTKacFLGnBPAM6Afouw==
  dependencies:
    delegate "^3.1.2"

nanoid@^3.3.4:
  version "3.3.4"
  resolved "https://registry.npmmirror.com/nanoid/-/nanoid-3.3.4.tgz#730b67e3cd09e2deacf03c027c81c9d9dbc5e8ab"
  integrity sha512-MqBkQh/OHTS2egovRtLk45wEyNXwF+cokD+1YPf9u5VfJiRdAiRwB2froX5Co9Rh20xs4siNPm8naNotSD6RBw==

normalize-wheel@^1.0.1:
  version "1.0.1"
  resolved "https://registry.npmmirror.com/normalize-wheel/-/normalize-wheel-1.0.1.tgz#aec886affdb045070d856447df62ecf86146ec45"
  integrity sha512-1OnlAPZ3zgrk8B91HyRj+eVv+kS5u+Z0SCsak6Xil/kmgEia50ga7zfkumayonZrImffAxPU/5WcyGhzetHNPA==

picocolors@^1.0.0:
  version "1.0.0"
  resolved "https://registry.npmmirror.com/picocolors/-/picocolors-1.0.0.tgz#cb5bdc74ff3f51892236eaf79d68bc44564ab81c"
  integrity sha512-1fygroTLlHu66zi26VoTDv8yRgm0Fccecssto+MhsZ0D/DGW2sm8E8AjW7NU5VVTRt5GxbeZ5qBuJr+HyLYkjQ==

postcss@^8.4.14:
  version "8.4.21"
  resolved "https://registry.npmmirror.com/postcss/-/postcss-8.4.21.tgz#c639b719a57efc3187b13a1d765675485f4134f4"
  integrity sha512-tP7u/Sn/dVxK2NnruI4H9BG+x+Wxz6oeZ1cJ8P6G/PZY0IKk4k/63TDsQf2kQq3+qoJeLm2kIBUNlZe3zgb4Zg==
  dependencies:
    nanoid "^3.3.4"
    picocolors "^1.0.0"
    source-map-js "^1.0.2"

regenerator-runtime@^0.11.0:
  version "0.11.1"
  resolved "https://registry.npmmirror.com/regenerator-runtime/-/regenerator-runtime-0.11.1.tgz#be05ad7f9bf7d22e056f9726cee5017fbf19e2e9"
  integrity sha512-MguG95oij0fC3QV3URf4V2SDYGJhJnJGqvIIgdECeODCT98wSWDAJ94SSuVpYQUoTcGUIL6L4yNB7j1DFFHSBg==

resize-detector@^0.3.0:
  version "0.3.0"
  resolved "https://registry.npmmirror.com/resize-detector/-/resize-detector-0.3.0.tgz#fe495112e184695500a8f51e0389f15774cb1cfc"
  integrity sha512-R/tCuvuOHQ8o2boRP6vgx8hXCCy87H1eY9V5imBYeVNyNVpuL9ciReSccLj2gDcax9+2weXy3bc8Vv+NRXeEvQ==

resize-observer-polyfill@^1.5.0:
  version "1.5.1"
  resolved "https://registry.npmmirror.com/resize-observer-polyfill/-/resize-observer-polyfill-1.5.1.tgz#0e9020dd3d21024458d4ebd27e23e40269810464"
  integrity sha512-LwZrotdHOo12nQuZlHEmtuXdqGoOD0OhaxopaNFxWzInpEgaLWoVuAMbTzixuosCx2nEG58ngzW3vxdWoxIgdg==

select@^1.1.2:
  version "1.1.2"
  resolved "https://registry.npmmirror.com/select/-/select-1.1.2.tgz#0e7350acdec80b1108528786ec1d4418d11b396d"
  integrity sha512-OwpTSOfy6xSs1+pwcNrv0RBMOzI39Lp3qQKUTPVVPRjCdNa5JH/oPRiqsesIskK8TVgmRiHwO4KXlV2Li9dANA==

source-map-js@^1.0.2:
  version "1.0.2"
  resolved "https://registry.npmmirror.com/source-map-js/-/source-map-js-1.0.2.tgz#adbc361d9c62df380125e7f161f71c826f1e490c"
  integrity sha512-R0XvVJ9WusLiqTCEiGCmICCMplcCkIwwR11mOSD9CR5u+IXYdiseeEuXCVAjS54zqwkLcPNnmU4OeJ6tUrWhDw==

source-map@^0.6.1:
  version "0.6.1"
  resolved "https://registry.npmmirror.com/source-map/-/source-map-0.6.1.tgz#74722af32e9614e9c287a8d0bbde48b5e2f1a263"
  integrity sha512-UjgapumWlbMhkBgzT7Ykc5YXUT46F0iKu8SGXq0bcwP5dz/h0Plj6enJqjz1Zbq2l5WaqYnrVbwWOWMyF3F47g==

throttle-debounce@^1.0.1:
  version "1.1.0"
  resolved "https://registry.npmmirror.com/throttle-debounce/-/throttle-debounce-1.1.0.tgz#51853da37be68a155cb6e827b3514a3c422e89cd"
  integrity sha512-XH8UiPCQcWNuk2LYePibW/4qL97+ZQ1AN3FNXwZRBNPPowo/NRU5fAlDCSNBJIYCKbioZfuYtMhG4quqoJhVzg==

tiny-emitter@^2.0.0:
  version "2.1.0"
  resolved "https://registry.npmmirror.com/tiny-emitter/-/tiny-emitter-2.1.0.tgz#1d1a56edfc51c43e863cbb5382a72330e3555423"
  integrity sha512-NB6Dk1A9xgQPMoGqC5CVXn123gWyte215ONT5Pp5a0yt4nlEoO1ZWeCwpncaekPHXO60i47ihFnZPiRPjRMq4Q==

uni-read-pages@1.0.5:
  version "1.0.5"
  resolved "https://registry.npmmirror.com/uni-read-pages/-/uni-read-pages-1.0.5.tgz#452c8dcaa8977bbaef600909be926c8d9704387c"
  integrity sha512-GkrrZ0LX0vn9R5k6RKEi0Ez3Q3e2vUpjXQ8Z6/K/d28KudI9ajqgt8WEjQFlG5EPm1K6uTArN8LlqmZTEixDUA==

vue-clipboard2@0.3.1:
  version "0.3.1"
  resolved "https://registry.npmmirror.com/vue-clipboard2/-/vue-clipboard2-0.3.1.tgz#6e551fb7bd384889b28b0da3b12289ed6bca4894"
  integrity sha512-H5S/agEDj0kXjUb5GP2c0hCzIXWRBygaWLN3NEFsaI9I3uWin778SFEMt8QRXiPG+7anyjqWiw2lqcxWUSfkYg==
  dependencies:
    clipboard "^2.0.0"

vue-countupjs@1.0.0:
  version "1.0.0"
  resolved "https://registry.npmmirror.com/vue-countupjs/-/vue-countupjs-1.0.0.tgz#41c57aa5e4859cfc0d82eb03574b0becdb9ca90b"
  integrity sha512-60zdL918nRuC93jZBOY1L3jw72OYYVDxQkIW0B73dPY44XXDg+BS+ImvrNXVDWz6bREwQ3kkKE4LlxM53F4ilA==
  dependencies:
    countup.js "^1.8.5"
    vue "^2.3.3"

vue-demi@^0.7.4:
  version "0.7.5"
  resolved "https://registry.npmmirror.com/vue-demi/-/vue-demi-0.7.5.tgz#88dee7492fc99a0f911ff03fc02c658fa2a79af8"
  integrity sha512-eFSQSvbQdY7C9ujOzvM6tn7XxwLjn0VQDXQsiYBLBwf28Na+2nTQR4BBBcomhmdP6mmHlBKAwarq6a0BPG87hQ==

vue-echarts@6.0.0-rc.4:
  version "6.0.0-rc.4"
  resolved "https://registry.npmmirror.com/vue-echarts/-/vue-echarts-6.0.0-rc.4.tgz#e7d25304136db7d959f9710172c4d36f62f620e4"
  integrity sha512-kkpBkAFIh7aHw2/0FEm9UktQ16LDP5EmATaCqq+CtnSKzd+vuZI6UxrfTLnOQNMCR5eKX8FoonggoKHpcjNGQg==
  dependencies:
    resize-detector "^0.3.0"
    vue-demi "^0.7.4"

vue@^2.3.3:
  version "2.7.14"
  resolved "https://registry.npmmirror.com/vue/-/vue-2.7.14.tgz#3743dcd248fd3a34d421ae456b864a0246bafb17"
  integrity sha512-b2qkFyOM0kwqWFuQmgd4o+uHGU7T+2z3T+WQp8UBjADfEv2n4FEMffzBmCKNP0IGzOEEfYjvtcC62xaSKeQDrQ==
  dependencies:
    "@vue/compiler-sfc" "2.7.14"
    csstype "^3.1.0"

wangeditor@3.1.1:
  version "3.1.1"
  resolved "https://registry.npmmirror.com/wangeditor/-/wangeditor-3.1.1.tgz#fbd3c1d4976923c9edebb85b29d30b35512ad039"
  integrity sha512-co18zRS96xVKhLyhTIqgqWs5khSbNPlZeoT8/B2dxnVKQMntRGu1D8ks+nbNOvZcIjyrdhhtde6LjqzVECL6DA==

zrender@4.1.1:
  version "4.1.1"
  resolved "https://registry.npmmirror.com/zrender/-/zrender-4.1.1.tgz#201e58a55cf1a7e973e1dbad3c15596ef8779f54"
  integrity sha512-epy1rl82dP/JKxhZl+JRfwcZjobKOoynxBzvBZJBPjmDMAxBE4grLjDryx8BHkHlKyWsUkis4XEL2wN61w5l4w==

zrenderjs@~3.0.2:
  version "3.0.3"
  resolved "https://registry.npmmirror.com/zrenderjs/-/zrenderjs-3.0.3.tgz#39a33726f398533030a8313f2f54cf664640b7fe"
  integrity sha512-+WsvUsqButmQXmdFENN4AJFbiNMf+9j0xKupRQoAxuxiFHU4y142X/i3O/Q6GGJ4YwXh8YbBNsWxkbCAxB3C/A==
